{
  "pins" : [
    {
      "identity" : "notificationtoast",
      "kind" : "remoteSourceControl",
      "location" : "https://github.com/PhilippeWeidmann/NotificationToast.git",
      "state" : {
        "branch" : "master",
        "revision" : "1e846ee5e50f34eee1409f5608a1482d4c3c4d59"
      }
    }
  ],
  "version" : 2
}
