{
  "pins" : [
    {
      "identity" : "glideshow",
      "kind" : "remoteSourceControl",
      "location" : "https://github.com/v15a1/Glideshow.git",
      "state" : {
        "revision" : "f61639a53f0a1e1a5be6a40e09c9a4848854ff83",
        "version" : "1.1.2"
      }
    },
    {
      "identity" : "notificationtoast",
      "kind" : "remoteSourceControl",
      "location" : "https://github.com/PhilippeWeidmann/NotificationToast.git",
      "state" : {
        "revision" : "433aac163050e755fc42b62eb17828bfe9ac49b4",
        "version" : "1.2.1"
      }
    }
  ],
  "version" : 2
}
